
Microsoft Visual Studio Solution File, Format Version 12.00
# Visual Studio Version 17
VisualStudioVersion = 17.8.34330.188
MinimumVisualStudioVersion = 10.0.40219.1
Project("{E24C65DC-7377-472B-9ABA-BC803B73C61A}") = "Coral Group Project", "Coral Group Project\", "{D3698F77-1A08-4486-88D4-EA9843DEF88A}"
	ProjectSection(WebsiteProperties) = preProject
		TargetFrameworkMoniker = ".NETFramework,Version%3Dv4.7.2"
		Debug.AspNetCompiler.VirtualPath = "/localhost_61638"
		Debug.AspNetCompiler.PhysicalPath = "Coral Group Project\"
		Debug.AspNetCompiler.TargetPath = "PrecompiledWeb\localhost_61638\"
		Debug.AspNetCompiler.Updateable = "true"
		Debug.AspNetCompiler.ForceOverwrite = "true"
		Debug.AspNetCompiler.FixedNames = "false"
		Debug.AspNetCompiler.Debug = "True"
		Release.AspNetCompiler.VirtualPath = "/localhost_61638"
		Release.AspNetCompiler.PhysicalPath = "Coral Group Project\"
		Release.AspNetCompiler.TargetPath = "PrecompiledWeb\localhost_61638\"
		Release.AspNetCompiler.Updateable = "true"
		Release.AspNetCompiler.ForceOverwrite = "true"
		Release.AspNetCompiler.FixedNames = "false"
		Release.AspNetCompiler.Debug = "False"
		VWDPort = "61638"
		SlnRelativePath = "Coral Group Project\"
		DefaultWebSiteLanguage = "Visual C#"
	EndProjectSection
EndProject
Global
	GlobalSection(SolutionConfigurationPlatforms) = preSolution
		Debug|Any CPU = Debug|Any CPU
	EndGlobalSection
	GlobalSection(ProjectConfigurationPlatforms) = postSolution
		{D3698F77-1A08-4486-88D4-EA9843DEF88A}.Debug|Any CPU.ActiveCfg = Debug|Any CPU
		{D3698F77-1A08-4486-88D4-EA9843DEF88A}.Debug|Any CPU.Build.0 = Debug|Any CPU
	EndGlobalSection
	GlobalSection(SolutionProperties) = preSolution
		HideSolutionNode = FALSE
	EndGlobalSection
	GlobalSection(ExtensibilityGlobals) = postSolution
		SolutionGuid = {2D2C43E6-72D7-4985-9422-BA4E07568354}
	EndGlobalSection
EndGlobal
